
Microsoft Visual Studio Solution File, Format Version 12.00
# Visual Studio Version 17
VisualStudioVersion = 17.0.31903.59
MinimumVisualStudioVersion = 10.0.40219.1
Project("{2150E333-8FDC-42A3-9474-1A3956D46DE8}") = "src", "src", "{38A1D8C9-FD83-430A-ACE3-2E2E8044EE12}"
EndProject
Project("{9A19103F-16F7-4668-BE54-9A1E7A4F7556}") = "global_login", "src\global-login\global_login.csproj", "{65D3E258-46B5-4F4D-8375-E7DAF57CA0E3}"
EndProject
Global
	GlobalSection(SolutionConfigurationPlatforms) = preSolution
		Debug|Any CPU = Debug|Any CPU
		Release|Any CPU = Release|Any CPU
	EndGlobalSection
	GlobalSection(ProjectConfigurationPlatforms) = postSolution
		{65D3E258-46B5-4F4D-8375-E7DAF57CA0E3}.Debug|Any CPU.ActiveCfg = Debug|Any CPU
		{65D3E258-46B5-4F4D-8375-E7DAF57CA0E3}.Debug|Any CPU.Build.0 = Debug|Any CPU
		{65D3E258-46B5-4F4D-8375-E7DAF57CA0E3}.Release|Any CPU.ActiveCfg = Release|Any CPU
		{65D3E258-46B5-4F4D-8375-E7DAF57CA0E3}.Release|Any CPU.Build.0 = Release|Any CPU
	EndGlobalSection
	GlobalSection(SolutionProperties) = preSolution
		HideSolutionNode = FALSE
	EndGlobalSection
	GlobalSection(NestedProjects) = preSolution
		{65D3E258-46B5-4F4D-8375-E7DAF57CA0E3} = {38A1D8C9-FD83-430A-ACE3-2E2E8044EE12}
	EndGlobalSection
EndGlobal
